{
  "version": 4,
  "terraform_version": "1.0.11",
  "serial": 24,
  "lineage": "b7b2600f-d4ae-f01d-f00b-5cf229ac5381",
  "outputs": {},
  "resources": [
    {
      "mode": "managed",
      "type": "github_repository",
      "name": "repository123",
      "provider": "provider[\"registry.terraform.io/integrations/github\"]",
      "instances": [
        {
          "schema_version": 0,
          "attributes": {
            "allow_auto_merge": false,
            "allow_merge_commit": true,
            "allow_rebase_merge": true,
            "allow_squash_merge": true,
            "archive_on_destroy": null,
            "archived": false,
            "auto_init": null,
            "branches": [],
            "default_branch": "main",
            "delete_branch_on_merge": false,
            "description": "My awesome codebase",
            "etag": "W/\"542517004fb909a13dd0620588f1006975380c7ebf4eb325105515a2128749fc\"",
            "full_name": "ShireOrg/repository123",
            "git_clone_url": "git://github.com/ShireOrg/repository123.git",
            "gitignore_template": null,
            "has_downloads": false,
            "has_issues": false,
            "has_projects": false,
            "has_wiki": false,
            "homepage_url": "",
            "html_url": "https://github.com/ShireOrg/repository123",
            "http_clone_url": "https://github.com/ShireOrg/repository123.git",
            "id": "repository123",
            "is_template": false,
            "license_template": null,
            "name": "repository123",
            "node_id": "R_kgDOGiVr8w",
            "pages": [],
            "private": true,
            "repo_id": 438660083,
            "ssh_clone_url": "git@github.com:ShireOrg/repository123.git",
            "svn_url": "https://github.com/ShireOrg/repository123",
            "template": [],
            "topics": null,
            "visibility": "private",
            "vulnerability_alerts": false
          },
          "sensitive_attributes": [],
          "private": "bnVsbA=="
        }
      ]
    },
    {
      "mode": "managed",
      "type": "github_repository",
      "name": "repository234",
      "provider": "provider[\"registry.terraform.io/integrations/github\"]",
      "instances": [
        {
          "schema_version": 0,
          "attributes": {
            "allow_auto_merge": false,
            "allow_merge_commit": true,
            "allow_rebase_merge": true,
            "allow_squash_merge": true,
            "archive_on_destroy": null,
            "archived": false,
            "auto_init": null,
            "branches": [],
            "default_branch": "main",
            "delete_branch_on_merge": false,
            "description": "My awesome codebase",
            "etag": "W/\"73f214d0f3a05c7c6815c157b2a44d0695e68734367a829872789d151eb107cd\"",
            "full_name": "ShireOrg/repository234",
            "git_clone_url": "git://github.com/ShireOrg/repository234.git",
            "gitignore_template": null,
            "has_downloads": false,
            "has_issues": false,
            "has_projects": false,
            "has_wiki": false,
            "homepage_url": "",
            "html_url": "https://github.com/ShireOrg/repository234",
            "http_clone_url": "https://github.com/ShireOrg/repository234.git",
            "id": "repository234",
            "is_template": false,
            "license_template": null,
            "name": "repository234",
            "node_id": "R_kgDOGiV1SA",
            "pages": [],
            "private": true,
            "repo_id": 438662472,
            "ssh_clone_url": "git@github.com:ShireOrg/repository234.git",
            "svn_url": "https://github.com/ShireOrg/repository234",
            "template": [],
            "topics": null,
            "visibility": "private",
            "vulnerability_alerts": true
          },
          "sensitive_attributes": [],
          "private": "bnVsbA=="
        }
      ]
    },
    {
      "mode": "managed",
      "type": "github_team",
      "name": "team1",
      "provider": "provider[\"registry.terraform.io/integrations/github\"]",
      "instances": [
        {
          "schema_version": 0,
          "attributes": {
            "create_default_maintainer": null,
            "description": "This is team 1",
            "etag": "W/\"3a7e092bd7ce02e3e9d6c65556177b477d01b9608b31ebcb670f51ee6de31184\"",
            "id": "5477292",
            "ldap_dn": "",
            "members_count": 1,
            "name": "team1",
            "node_id": "T_kwDOBTnOw84AU5Os",
            "parent_team_id": null,
            "privacy": "closed",
            "slug": "team1"
          },
          "sensitive_attributes": [],
          "private": "bnVsbA=="
        }
      ]
    }
  ]
}
