{
  "version": 4,
  "terraform_version": "1.0.11",
  "serial": 38,
  "lineage": "b7b2600f-d4ae-f01d-f00b-5cf229ac5381",
  "outputs": {},
  "resources": [
    {
      "mode": "managed",
      "type": "github_membership",
      "name": "membership_for_michaelshire",
      "provider": "provider[\"registry.terraform.io/integrations/github\"]",
      "instances": [
        {
          "schema_version": 0,
          "attributes": {
            "etag": "W/\"f24b9eff37611211f3745ce8618cf4d28b6403293c8ed6263f90879b55fc8d8a\"",
            "id": "ShireOrg:michaelshire",
            "role": "admin",
            "username": "michaelshire"
          },
          "sensitive_attributes": [],
          "private": "bnVsbA=="
        }
      ]
    },
    {
      "mode": "managed",
      "type": "github_repository",
      "name": "repository234",
      "provider": "provider[\"registry.terraform.io/integrations/github\"]",
      "instances": [
        {
          "schema_version": 0,
          "attributes": {
            "allow_auto_merge": false,
            "allow_merge_commit": true,
            "allow_rebase_merge": true,
            "allow_squash_merge": true,
            "archive_on_destroy": null,
            "archived": false,
            "auto_init": true,
            "branches": [],
            "default_branch": "main",
            "delete_branch_on_merge": false,
            "description": "My awesome codebase",
            "etag": "W/\"0eafdfa8e89f935a751037b7fd99aa031ca0b21cbdc91384f64ec8419b9d1403\"",
            "full_name": "ShireOrg/repository234",
            "git_clone_url": "git://github.com/ShireOrg/repository234.git",
            "gitignore_template": null,
            "has_downloads": false,
            "has_issues": true,
            "has_projects": false,
            "has_wiki": false,
            "homepage_url": "",
            "html_url": "https://github.com/ShireOrg/repository234",
            "http_clone_url": "https://github.com/ShireOrg/repository234.git",
            "id": "repository234",
            "is_template": false,
            "license_template": null,
            "name": "repository234",
            "node_id": "R_kgDOGiV1SA",
            "pages": [],
            "private": true,
            "repo_id": 438662472,
            "ssh_clone_url": "git@github.com:ShireOrg/repository234.git",
            "svn_url": "https://github.com/ShireOrg/repository234",
            "template": [],
            "topics": null,
            "visibility": "private",
            "vulnerability_alerts": false
          },
          "sensitive_attributes": [],
          "private": "bnVsbA=="
        }
      ]
    },
    {
      "mode": "managed",
      "type": "github_repository",
      "name": "repository345",
      "provider": "provider[\"registry.terraform.io/integrations/github\"]",
      "instances": [
        {
          "schema_version": 0,
          "attributes": {
            "allow_auto_merge": false,
            "allow_merge_commit": true,
            "allow_rebase_merge": true,
            "allow_squash_merge": true,
            "archive_on_destroy": null,
            "archived": false,
            "auto_init": true,
            "branches": [
              {
                "name": "main",
                "protected": false
              }
            ],
            "default_branch": "main",
            "delete_branch_on_merge": false,
            "description": "My awesome codebase",
            "etag": "W/\"bce0c91bbfa5b720562b26552750f3ef199dd7f44253e7b695968eccb559f008\"",
            "full_name": "ShireOrg/repository345",
            "git_clone_url": "git://github.com/ShireOrg/repository345.git",
            "gitignore_template": null,
            "has_downloads": false,
            "has_issues": true,
            "has_projects": false,
            "has_wiki": false,
            "homepage_url": "",
            "html_url": "https://github.com/ShireOrg/repository345",
            "http_clone_url": "https://github.com/ShireOrg/repository345.git",
            "id": "repository345",
            "is_template": false,
            "license_template": null,
            "name": "repository345",
            "node_id": "R_kgDOGiWiUw",
            "pages": [],
            "private": true,
            "repo_id": 438674003,
            "ssh_clone_url": "git@github.com:ShireOrg/repository345.git",
            "svn_url": "https://github.com/ShireOrg/repository345",
            "template": [],
            "topics": null,
            "visibility": "private",
            "vulnerability_alerts": false
          },
          "sensitive_attributes": [],
          "private": "bnVsbA=="
        }
      ]
    }
  ]
}
