{
  "version": 4,
  "terraform_version": "1.0.11",
  "serial": 10,
  "lineage": "b7b2600f-d4ae-f01d-f00b-5cf229ac5381",
  "outputs": {},
  "resources": [
    {
      "mode": "managed",
      "type": "github_membership",
      "name": "member",
      "provider": "provider[\"registry.terraform.io/hashicorp/github\"]",
      "instances": [
        {
          "schema_version": 0,
          "attributes": {
            "etag": "W/\"c924f1930ebb929aed4353c80d12aa8a508f1077858c33fc5d9654cb32190b12\"",
            "id": "ShireOrg:a-britten",
            "role": "member",
            "username": "a-britten"
          },
          "sensitive_attributes": [],
          "private": "bnVsbA=="
        }
      ]
    },
    {
      "mode": "managed",
      "type": "github_repository",
      "name": "repository",
      "provider": "provider[\"registry.terraform.io/hashicorp/github\"]",
      "instances": [
        {
          "schema_version": 0,
          "attributes": {
            "allow_merge_commit": true,
            "allow_rebase_merge": true,
            "allow_squash_merge": true,
            "archived": false,
            "auto_init": true,
            "default_branch": "main",
            "delete_branch_on_merge": false,
            "description": "Repsitory for testing Terraform",
            "etag": "W/\"1d17f306e75b90d7069d76efecceae46c5c1402cdbe60571814d989038824767\"",
            "full_name": "ShireOrg/a-test-repository",
            "git_clone_url": "git://github.com/ShireOrg/a-test-repository.git",
            "gitignore_template": "Terraform",
            "has_downloads": false,
            "has_issues": false,
            "has_projects": false,
            "has_wiki": false,
            "homepage_url": "",
            "html_url": "https://github.com/ShireOrg/a-test-repository",
            "http_clone_url": "https://github.com/ShireOrg/a-test-repository.git",
            "id": "a-test-repository",
            "is_template": false,
            "license_template": "mit",
            "name": "a-test-repository",
            "node_id": "R_kgDOGeLBKQ",
            "private": false,
            "ssh_clone_url": "git@github.com:ShireOrg/a-test-repository.git",
            "svn_url": "https://github.com/ShireOrg/a-test-repository",
            "template": [],
            "topics": []
          },
          "sensitive_attributes": [],
          "private": "bnVsbA=="
        }
      ]
    }
  ]
}
